{
  "name": "judging",
  "version": "1.0.0",
  "lockfileVersion": 1,
  "requires": true,
  "dependencies": {
    "@types/node": {
      "version": "13.1.7",
      "resolved": "https://registry.npmjs.org/@types/node/-/node-13.1.7.tgz",
      "integrity": "sha512-HU0q9GXazqiKwviVxg9SI/+t/nAsGkvLDkIdxz+ObejG2nX6Si00TeLqHMoS+a/1tjH7a8YpKVQwtgHuMQsldg=="
    },
    "csvjson-csv2json": {
      "version": "5.0.6",
      "resolved": "https://registry.npmjs.org/csvjson-csv2json/-/csvjson-csv2json-5.0.6.tgz",
      "integrity": "sha512-to9QlVI4yQFPzSqi6XZ97lULKs5m3K8hlE/UkbvKSw81FfDwgV9MUtSbHFJ4SRT4IA7UPkuW2EqsH/MWN5YRow=="
    }
  }
}
